{
  "originHash" : "c6538bcd13bcfac34b5c2ac08cc844a5881060e647a57f46176f0689afc09b54",
  "pins" : [
    {
      "identity" : "etcetera",
      "kind" : "remoteSourceControl",
      "location" : "https://github.com/jaredsinclair/etcetera",
      "state" : {
        "branch" : "swift6",
        "revision" : "a21de9f72a3cb15825896b59648bff7667bd79d2"
      }
    }
  ],
  "version" : 3
}
