{
  "originHash" : "456b6b8095e8c14d7561de6260b9f5eeacbbec2c5370e2ca545276e9e85d413a",
  "pins" : [
    {
      "identity" : "etcetera",
      "kind" : "remoteSourceControl",
      "location" : "https://github.com/jaredsinclair/etcetera",
      "state" : {
        "revision" : "233e0ea1ce667344c2da31e9fab9b1ed333dad8b",
        "version" : "6.0.1"
      }
    }
  ],
  "version" : 3
}
