{
  "object": {
    "pins": [
      {
        "package": "Etcetera",
        "repositoryURL": "https://github.com/jaredsinclair/etcetera",
        "state": {
          "branch": "concurrency",
          "revision": "6307fb61b5e5dcfb6a1869303106f3818f0186fe",
          "version": null
        }
      }
    ]
  },
  "version": 1
}
