{
  "object": {
    "pins": [
      {
        "package": "Etcetera",
        "repositoryURL": "https://github.com/jaredsinclair/etcetera",
        "state": {
          "branch": null,
          "revision": "3dc4efd2d72bc6bb857c0d7d801e913935ce325c",
          "version": "3.0.0"
        }
      }
    ]
  },
  "version": 1
}
